
Microsoft Visual Studio Solution File, Format Version 12.00
# Visual Studio Version 17
VisualStudioVersion = 17.10.35004.147
MinimumVisualStudioVersion = 10.0.40219.1
Project("{FAE04EC0-301F-11D3-BF4B-00C04F79EFBC}") = "Apollo.API", "Apollo.API.csproj", "{0B7DF2A7-6464-4A19-831C-66C85B17D9EE}"
EndProject
Global
	GlobalSection(SolutionConfigurationPlatforms) = preSolution
		Debug|Any CPU = Debug|Any CPU
		Release|Any CPU = Release|Any CPU
	EndGlobalSection
	GlobalSection(ProjectConfigurationPlatforms) = postSolution
		{0B7DF2A7-6464-4A19-831C-66C85B17D9EE}.Debug|Any CPU.ActiveCfg = Debug|Any CPU
		{0B7DF2A7-6464-4A19-831C-66C85B17D9EE}.Debug|Any CPU.Build.0 = Debug|Any CPU
		{0B7DF2A7-6464-4A19-831C-66C85B17D9EE}.Release|Any CPU.ActiveCfg = Release|Any CPU
		{0B7DF2A7-6464-4A19-831C-66C85B17D9EE}.Release|Any CPU.Build.0 = Release|Any CPU
	EndGlobalSection
	GlobalSection(SolutionProperties) = preSolution
		HideSolutionNode = FALSE
	EndGlobalSection
	GlobalSection(ExtensibilityGlobals) = postSolution
		SolutionGuid = {F1FFE54B-362C-48F2-AD8A-0443BD8FB143}
	EndGlobalSection
EndGlobal
